{
  "originHash" : "cec72ce8a25e7626c8eb7b18c5aa4242ac51ee109d1016c39a18faf14f64a21f",
  "pins" : [
    {
      "identity" : "flagkit",
      "kind" : "remoteSourceControl",
      "location" : "https://github.com/madebybowtie/FlagKit.git",
      "state" : {
        "revision" : "f12111d91902d23fd1d9cc7ad9198030b049795d",
        "version" : "2.4.0"
      }
    },
    {
      "identity" : "wireguard-apple",
      "kind" : "remoteSourceControl",
      "location" : "https://github.com/upvpn/wireguard-apple",
      "state" : {
        "revision" : "d6ca70c60dd92eb5c997f2092ef71577ef07040b"
      }
    }
  ],
  "version" : 3
}
